
Microsoft Visual Studio Solution File, Format Version 12.00
# Visual Studio Version 17
VisualStudioVersion = 17.6.33829.357
MinimumVisualStudioVersion = 10.0.40219.1
Project("{FAE04EC0-301F-11D3-BF4B-00C04F79EFBC}") = "laboratorio--2", "laboratorio--2\laboratorio--2.csproj", "{4D7CDC9C-858A-474D-886B-BAD5BBDC9E0E}"
EndProject
Global
	GlobalSection(SolutionConfigurationPlatforms) = preSolution
		Debug|Any CPU = Debug|Any CPU
		Release|Any CPU = Release|Any CPU
	EndGlobalSection
	GlobalSection(ProjectConfigurationPlatforms) = postSolution
		{4D7CDC9C-858A-474D-886B-BAD5BBDC9E0E}.Debug|Any CPU.ActiveCfg = Debug|Any CPU
		{4D7CDC9C-858A-474D-886B-BAD5BBDC9E0E}.Debug|Any CPU.Build.0 = Debug|Any CPU
		{4D7CDC9C-858A-474D-886B-BAD5BBDC9E0E}.Release|Any CPU.ActiveCfg = Release|Any CPU
		{4D7CDC9C-858A-474D-886B-BAD5BBDC9E0E}.Release|Any CPU.Build.0 = Release|Any CPU
	EndGlobalSection
	GlobalSection(SolutionProperties) = preSolution
		HideSolutionNode = FALSE
	EndGlobalSection
	GlobalSection(ExtensibilityGlobals) = postSolution
		SolutionGuid = {3597FD74-165D-4493-A5D0-39BD6B8EBF60}
	EndGlobalSection
EndGlobal
